{
    "_meta": {
        "hash": {
            "sha256": "fad02cee32e572059f8570e119576a21bcd1a4537d3526fd80aa514464708c2c"
        },
        "pipfile-spec": 6,
        "requires": {
            "python_version": "3.9.13"
        },
        "sources": [
            {
                "name": "pypi",
                "url": "https://pypi.org/simple",
                "verify_ssl": true
            }
        ]
    },
    "default": {
        "pika": {
            "hashes": [
                "sha256:89f5e606646caebe3c00cbdbc4c2c609834adde45d7507311807b5775edac8e0",
                "sha256:beb19ff6dd1547f99a29acc2c6987ebb2ba7c44bf44a3f8e305877c5ef7d2fdc"
            ],
            "index": "pypi",
            "version": "==1.3.1"
        }
    },
    "develop": {}
}
